
Microsoft Visual Studio Solution File, Format Version 12.00
# Visual Studio Version 16
VisualStudioVersion = 16.0.31112.23
MinimumVisualStudioVersion = 10.0.40219.1
Project("{FAE04EC0-301F-11D3-BF4B-00C04F79EFBC}") = "ProductReviewManagement", "ProductReviewManagement\ProductReviewManagement.csproj", "{AC99800A-5932-4582-A8F6-1D4BC0C49496}"
EndProject
Global
	GlobalSection(SolutionConfigurationPlatforms) = preSolution
		Debug|Any CPU = Debug|Any CPU
		Release|Any CPU = Release|Any CPU
	EndGlobalSection
	GlobalSection(ProjectConfigurationPlatforms) = postSolution
		{AC99800A-5932-4582-A8F6-1D4BC0C49496}.Debug|Any CPU.ActiveCfg = Debug|Any CPU
		{AC99800A-5932-4582-A8F6-1D4BC0C49496}.Debug|Any CPU.Build.0 = Debug|Any CPU
		{AC99800A-5932-4582-A8F6-1D4BC0C49496}.Release|Any CPU.ActiveCfg = Release|Any CPU
		{AC99800A-5932-4582-A8F6-1D4BC0C49496}.Release|Any CPU.Build.0 = Release|Any CPU
	EndGlobalSection
	GlobalSection(SolutionProperties) = preSolution
		HideSolutionNode = FALSE
	EndGlobalSection
	GlobalSection(ExtensibilityGlobals) = postSolution
		SolutionGuid = {AF966FD6-F5F9-45E4-AFFF-B542DA4E3644}
	EndGlobalSection
EndGlobal
